
Microsoft Visual Studio Solution File, Format Version 12.00
# Visual Studio Version 16
VisualStudioVersion = 16.0.31321.278
MinimumVisualStudioVersion = 10.0.40219.1
Project("{FAE04EC0-301F-11D3-BF4B-00C04F79EFBC}") = "Akijfood", "Akijfood.csproj", "{DADCCED2-488D-43D9-8250-9B45AF4FF79F}"
EndProject
Global
	GlobalSection(SolutionConfigurationPlatforms) = preSolution
		Debug|Any CPU = Debug|Any CPU
		Release|Any CPU = Release|Any CPU
	EndGlobalSection
	GlobalSection(ProjectConfigurationPlatforms) = postSolution
		{DADCCED2-488D-43D9-8250-9B45AF4FF79F}.Debug|Any CPU.ActiveCfg = Debug|Any CPU
		{DADCCED2-488D-43D9-8250-9B45AF4FF79F}.Debug|Any CPU.Build.0 = Debug|Any CPU
		{DADCCED2-488D-43D9-8250-9B45AF4FF79F}.Release|Any CPU.ActiveCfg = Release|Any CPU
		{DADCCED2-488D-43D9-8250-9B45AF4FF79F}.Release|Any CPU.Build.0 = Release|Any CPU
	EndGlobalSection
	GlobalSection(SolutionProperties) = preSolution
		HideSolutionNode = FALSE
	EndGlobalSection
	GlobalSection(ExtensibilityGlobals) = postSolution
		SolutionGuid = {857469C4-816F-4F1B-BA5B-A53251785817}
	EndGlobalSection
EndGlobal
